
Microsoft Visual Studio Solution File, Format Version 12.00
# Visual Studio Version 17
VisualStudioVersion = 17.10.34916.146
MinimumVisualStudioVersion = 10.0.40219.1
Project("{FAE04EC0-301F-11D3-BF4B-00C04F79EFBC}") = "MIDTerm", "MIDTerm\MIDTerm.csproj", "{B06605F6-47BF-443F-9BD1-5FB3B5BC829C}"
EndProject
Global
	GlobalSection(SolutionConfigurationPlatforms) = preSolution
		Debug|Any CPU = Debug|Any CPU
		Release|Any CPU = Release|Any CPU
	EndGlobalSection
	GlobalSection(ProjectConfigurationPlatforms) = postSolution
		{B06605F6-47BF-443F-9BD1-5FB3B5BC829C}.Debug|Any CPU.ActiveCfg = Debug|Any CPU
		{B06605F6-47BF-443F-9BD1-5FB3B5BC829C}.Debug|Any CPU.Build.0 = Debug|Any CPU
		{B06605F6-47BF-443F-9BD1-5FB3B5BC829C}.Release|Any CPU.ActiveCfg = Release|Any CPU
		{B06605F6-47BF-443F-9BD1-5FB3B5BC829C}.Release|Any CPU.Build.0 = Release|Any CPU
	EndGlobalSection
	GlobalSection(SolutionProperties) = preSolution
		HideSolutionNode = FALSE
	EndGlobalSection
	GlobalSection(ExtensibilityGlobals) = postSolution
		SolutionGuid = {F3609959-3C72-41A8-8B3E-51E3F975DC2A}
	EndGlobalSection
EndGlobal
